
Microsoft Visual Studio Solution File, Format Version 12.00
# Visual Studio 14
VisualStudioVersion = 14.0.25420.1
MinimumVisualStudioVersion = 10.0.40219.1
Project("{FAE04EC0-301F-11D3-BF4B-00C04F79EFBC}") = "CS_OOP_A_5_MattWilliamson", "CS_OOP_A_5_MattWilliamson\CS_OOP_A_5_MattWilliamson.csproj", "{AA71B388-3FBB-4BE1-81CB-718423C74421}"
EndProject
Global
	GlobalSection(SolutionConfigurationPlatforms) = preSolution
		Debug|Any CPU = Debug|Any CPU
		Release|Any CPU = Release|Any CPU
	EndGlobalSection
	GlobalSection(ProjectConfigurationPlatforms) = postSolution
		{AA71B388-3FBB-4BE1-81CB-718423C74421}.Debug|Any CPU.ActiveCfg = Debug|Any CPU
		{AA71B388-3FBB-4BE1-81CB-718423C74421}.Debug|Any CPU.Build.0 = Debug|Any CPU
		{AA71B388-3FBB-4BE1-81CB-718423C74421}.Release|Any CPU.ActiveCfg = Release|Any CPU
		{AA71B388-3FBB-4BE1-81CB-718423C74421}.Release|Any CPU.Build.0 = Release|Any CPU
	EndGlobalSection
	GlobalSection(SolutionProperties) = preSolution
		HideSolutionNode = FALSE
	EndGlobalSection
EndGlobal
